// !$*UTF8*$!
{
	archiveVersion = 1;
	classes = {
	};
	objectVersion = 48;
	objects = {

/* Begin PBXBuildFile section */
		45E7C6F64E26E1C197BFACB9 /* Pods_Team_chat.framework in Frameworks */ = {isa = PBXBuildFile; fileRef = 32917D0DA743C7E27E29B594 /* Pods_Team_chat.framework */; };
		E64F07252009151F00D4FD7E /* AppDelegate.swift in Sources */ = {isa = PBXBuildFile; fileRef = E64F07242009151F00D4FD7E /* AppDelegate.swift */; };
		E64F07272009151F00D4FD7E /* ViewController.swift in Sources */ = {isa = PBXBuildFile; fileRef = E64F07262009151F00D4FD7E /* ViewController.swift */; };
		E64F072A2009151F00D4FD7E /* Main.storyboard in Resources */ = {isa = PBXBuildFile; fileRef = E64F07282009151F00D4FD7E /* Main.storyboard */; };
		E64F072C2009151F00D4FD7E /* Assets.xcassets in Resources */ = {isa = PBXBuildFile; fileRef = E64F072B2009151F00D4FD7E /* Assets.xcassets */; };
		E64F072F2009151F00D4FD7E /* LaunchScreen.storyboard in Resources */ = {isa = PBXBuildFile; fileRef = E64F072D2009151F00D4FD7E /* LaunchScreen.storyboard */; };
		E66E3E2F2009233F00334B22 /* GoogleService-Info.plist in Resources */ = {isa = PBXBuildFile; fileRef = E66E3E2E2009233F00334B22 /* GoogleService-Info.plist */; };
/* End PBXBuildFile section */

/* Begin PBXFileReference section */
		32917D0DA743C7E27E29B594 /* Pods_Team_chat.framework */ = {isa = PBXFileReference; explicitFileType = wrapper.framework; includeInIndex = 0; path = Pods_Team_chat.framework; sourceTree = BUILT_PRODUCTS_DIR; };
		C2C7358DC2064A14747AF10D /* Pods-Team chat.release.xcconfig */ = {isa = PBXFileReference; includeInIndex = 1; lastKnownFileType = text.xcconfig; name = "Pods-Team chat.release.xcconfig"; path = "Pods/Target Support Files/Pods-Team chat/Pods-Team chat.release.xcconfig"; sourceTree = "<group>"; };
		E3FD6A95A68661A375FD9483 /* Pods-Team chat.debug.xcconfig */ = {isa = PBXFileReference; includeInIndex = 1; lastKnownFileType = text.xcconfig; name = "Pods-Team chat.debug.xcconfig"; path = "Pods/Target Support Files/Pods-Team chat/Pods-Team chat.debug.xcconfig"; sourceTree = "<group>"; };
		E64F07212009151F00D4FD7E /* Team chat.app */ = {isa = PBXFileReference; explicitFileType = wrapper.application; includeInIndex = 0; path = "Team chat.app"; sourceTree = BUILT_PRODUCTS_DIR; };
		E64F07242009151F00D4FD7E /* AppDelegate.swift */ = {isa = PBXFileReference; lastKnownFileType = sourcecode.swift; path = AppDelegate.swift; sourceTree = "<group>"; };
		E64F07262009151F00D4FD7E /* ViewController.swift */ = {isa = PBXFileReference; lastKnownFileType = sourcecode.swift; path = ViewController.swift; sourceTree = "<group>"; };
		E64F07292009151F00D4FD7E /* Base */ = {isa = PBXFileReference; lastKnownFileType = file.storyboard; name = Base; path = Base.lproj/Main.storyboard; sourceTree = "<group>"; };
		E64F072B2009151F00D4FD7E /* Assets.xcassets */ = {isa = PBXFileReference; lastKnownFileType = folder.assetcatalog; path = Assets.xcassets; sourceTree = "<group>"; };
		E64F072E2009151F00D4FD7E /* Base */ = {isa = PBXFileReference; lastKnownFileType = file.storyboard; name = Base; path = Base.lproj/LaunchScreen.storyboard; sourceTree = "<group>"; };
		E64F07302009151F00D4FD7E /* Info.plist */ = {isa = PBXFileReference; lastKnownFileType = text.plist.xml; path = Info.plist; sourceTree = "<group>"; };
		E66E3E2E2009233F00334B22 /* GoogleService-Info.plist */ = {isa = PBXFileReference; fileEncoding = 4; lastKnownFileType = text.plist.xml; path = "GoogleService-Info.plist"; sourceTree = "<group>"; };
/* End PBXFileReference section */

/* Begin PBXFrameworksBuildPhase section */
		E64F071E2009151F00D4FD7E /* Frameworks */ = {
			isa = PBXFrameworksBuildPhase;
			buildActionMask = 2147483647;
			files = (
				45E7C6F64E26E1C197BFACB9 /* Pods_Team_chat.framework in Frameworks */,
			);
			runOnlyForDeploymentPostprocessing = 0;
		};
/* End PBXFrameworksBuildPhase section */

/* Begin PBXGroup section */
		23BA94C654B40756543CDB0A /* Frameworks */ = {
			isa = PBXGroup;
			children = (
				32917D0DA743C7E27E29B594 /* Pods_Team_chat.framework */,
			);
			name = Frameworks;
			sourceTree = "<group>";
		};
		B1A1A6D136EA356643EEDEF0 /* Pods */ = {
			isa = PBXGroup;
			children = (
				E3FD6A95A68661A375FD9483 /* Pods-Team chat.debug.xcconfig */,
				C2C7358DC2064A14747AF10D /* Pods-Team chat.release.xcconfig */,
			);
			name = Pods;
			sourceTree = "<group>";
		};
		E64F07182009151F00D4FD7E = {
			isa = PBXGroup;
			children = (
				E64F07232009151F00D4FD7E /* Team chat */,
				E64F07222009151F00D4FD7E /* Products */,
				B1A1A6D136EA356643EEDEF0 /* Pods */,
				23BA94C654B40756543CDB0A /* Frameworks */,
			);
			sourceTree = "<group>";
		};
		E64F07222009151F00D4FD7E /* Products */ = {
			isa = PBXGroup;
			children = (
				E64F07212009151F00D4FD7E /* Team chat.app */,
			);
			name = Products;
			sourceTree = "<group>";
		};
		E64F07232009151F00D4FD7E /* Team chat */ = {
			isa = PBXGroup;
			children = (
				E66E3E2720091D5300334B22 /* Model */,
				E66E3E2520091CF200334B22 /* Views */,
				E66E3E2620091D0B00334B22 /* Controller */,
				E64F072B2009151F00D4FD7E /* Assets.xcassets */,
				E66E3E2420091CC600334B22 /* Supporting Files */,
			);
			path = "Team chat";
			sourceTree = "<group>";
		};
		E66E3E2420091CC600334B22 /* Supporting Files */ = {
			isa = PBXGroup;
			children = (
				E64F07302009151F00D4FD7E /* Info.plist */,
				E66E3E2E2009233F00334B22 /* GoogleService-Info.plist */,
			);
			path = "Supporting Files";
			sourceTree = "<group>";
		};
		E66E3E2520091CF200334B22 /* Views */ = {
			isa = PBXGroup;
			children = (
				E64F07282009151F00D4FD7E /* Main.storyboard */,
				E64F072D2009151F00D4FD7E /* LaunchScreen.storyboard */,
			);
			path = Views;
			sourceTree = "<group>";
		};
		E66E3E2620091D0B00334B22 /* Controller */ = {
			isa = PBXGroup;
			children = (
				E64F07242009151F00D4FD7E /* AppDelegate.swift */,
				E64F07262009151F00D4FD7E /* ViewController.swift */,
			);
			path = Controller;
			sourceTree = "<group>";
		};
		E66E3E2720091D5300334B22 /* Model */ = {
			isa = PBXGroup;
			children = (
			);
			path = Model;
			sourceTree = "<group>";
		};
/* End PBXGroup section */

/* Begin PBXNativeTarget section */
		E64F07202009151F00D4FD7E /* Team chat */ = {
			isa = PBXNativeTarget;
			buildConfigurationList = E64F07332009151F00D4FD7E /* Build configuration list for PBXNativeTarget "Team chat" */;
			buildPhases = (
				B5EAE68716720A0116E972AB /* [CP] Check Pods Manifest.lock */,
				E64F071D2009151F00D4FD7E /* Sources */,
				E64F071E2009151F00D4FD7E /* Frameworks */,
				E64F071F2009151F00D4FD7E /* Resources */,
				ACAE1919FE864996B4D0C14E /* [CP] Embed Pods Frameworks */,
				17139B07268CDFE583689531 /* [CP] Copy Pods Resources */,
			);
			buildRules = (
			);
			dependencies = (
			);
			name = "Team chat";
			productName = "Team chat";
			productReference = E64F07212009151F00D4FD7E /* Team chat.app */;
			productType = "com.apple.product-type.application";
		};
/* End PBXNativeTarget section */

/* Begin PBXProject section */
		E64F07192009151F00D4FD7E /* Project object */ = {
			isa = PBXProject;
			attributes = {
				LastSwiftUpdateCheck = 0920;
				LastUpgradeCheck = 0920;
				ORGANIZATIONNAME = "Bella Diallo";
				TargetAttributes = {
					E64F07202009151F00D4FD7E = {
						CreatedOnToolsVersion = 9.2;
						ProvisioningStyle = Automatic;
					};
				};
			};
			buildConfigurationList = E64F071C2009151F00D4FD7E /* Build configuration list for PBXProject "Team chat" */;
			compatibilityVersion = "Xcode 8.0";
			developmentRegion = en;
			hasScannedForEncodings = 0;
			knownRegions = (
				en,
				Base,
			);
			mainGroup = E64F07182009151F00D4FD7E;
			productRefGroup = E64F07222009151F00D4FD7E /* Products */;
			projectDirPath = "";
			projectRoot = "";
			targets = (
				E64F07202009151F00D4FD7E /* Team chat */,
			);
		};
/* End PBXProject section */

/* Begin PBXResourcesBuildPhase section */
		E64F071F2009151F00D4FD7E /* Resources */ = {
			isa = PBXResourcesBuildPhase;
			buildActionMask = 2147483647;
			files = (
				E64F072F2009151F00D4FD7E /* LaunchScreen.storyboard in Resources */,
				E66E3E2F2009233F00334B22 /* GoogleService-Info.plist in Resources */,
				E64F072C2009151F00D4FD7E /* Assets.xcassets in Resources */,
				E64F072A2009151F00D4FD7E /* Main.storyboard in Resources */,
			);
			runOnlyForDeploymentPostprocessing = 0;
		};
/* End PBXResourcesBuildPhase section */

/* Begin PBXShellScriptBuildPhase section */
		17139B07268CDFE583689531 /* [CP] Copy Pods Resources */ = {
			isa = PBXShellScriptBuildPhase;
			buildActionMask = 2147483647;
			files = (
			);
			inputPaths = (
			);
			name = "[CP] Copy Pods Resources";
			outputPaths = (
			);
			runOnlyForDeploymentPostprocessing = 0;
			shellPath = /bin/sh;
			shellScript = "\"${SRCROOT}/Pods/Target Support Files/Pods-Team chat/Pods-Team chat-resources.sh\"\n";
			showEnvVarsInLog = 0;
		};
		ACAE1919FE864996B4D0C14E /* [CP] Embed Pods Frameworks */ = {
			isa = PBXShellScriptBuildPhase;
			buildActionMask = 2147483647;
			files = (
			);
			inputPaths = (
				"${SRCROOT}/Pods/Target Support Files/Pods-Team chat/Pods-Team chat-frameworks.sh",
				"${BUILT_PRODUCTS_DIR}/ChameleonFramework/ChameleonFramework.framework",
				"${BUILT_PRODUCTS_DIR}/GTMSessionFetcher/GTMSessionFetcher.framework",
				"${BUILT_PRODUCTS_DIR}/GoogleToolboxForMac/GoogleToolboxForMac.framework",
				"${BUILT_PRODUCTS_DIR}/SVProgressHUD/SVProgressHUD.framework",
				"${BUILT_PRODUCTS_DIR}/leveldb-library/leveldb.framework",
				"${BUILT_PRODUCTS_DIR}/nanopb/nanopb.framework",
			);
			name = "[CP] Embed Pods Frameworks";
			outputPaths = (
				"${TARGET_BUILD_DIR}/${FRAMEWORKS_FOLDER_PATH}/ChameleonFramework.framework",
				"${TARGET_BUILD_DIR}/${FRAMEWORKS_FOLDER_PATH}/GTMSessionFetcher.framework",
				"${TARGET_BUILD_DIR}/${FRAMEWORKS_FOLDER_PATH}/GoogleToolboxForMac.framework",
				"${TARGET_BUILD_DIR}/${FRAMEWORKS_FOLDER_PATH}/SVProgressHUD.framework",
				"${TARGET_BUILD_DIR}/${FRAMEWORKS_FOLDER_PATH}/leveldb.framework",
				"${TARGET_BUILD_DIR}/${FRAMEWORKS_FOLDER_PATH}/nanopb.framework",
			);
			runOnlyForDeploymentPostprocessing = 0;
			shellPath = /bin/sh;
			shellScript = "\"${SRCROOT}/Pods/Target Support Files/Pods-Team chat/Pods-Team chat-frameworks.sh\"\n";
			showEnvVarsInLog = 0;
		};
		B5EAE68716720A0116E972AB /* [CP] Check Pods Manifest.lock */ = {
			isa = PBXShellScriptBuildPhase;
			buildActionMask = 2147483647;
			files = (
			);
			inputPaths = (
				"${PODS_PODFILE_DIR_PATH}/Podfile.lock",
				"${PODS_ROOT}/Manifest.lock",
			);
			name = "[CP] Check Pods Manifest.lock";
			outputPaths = (
				"$(DERIVED_FILE_DIR)/Pods-Team chat-checkManifestLockResult.txt",
			);
			runOnlyForDeploymentPostprocessing = 0;
			shellPath = /bin/sh;
			shellScript = "diff \"${PODS_PODFILE_DIR_PATH}/Podfile.lock\" \"${PODS_ROOT}/Manifest.lock\" > /dev/null\nif [ $? != 0 ] ; then\n    # print error to STDERR\n    echo \"error: The sandbox is not in sync with the Podfile.lock. Run 'pod install' or update your CocoaPods installation.\" >&2\n    exit 1\nfi\n# This output is used by Xcode 'outputs' to avoid re-running this script phase.\necho \"SUCCESS\" > \"${SCRIPT_OUTPUT_FILE_0}\"\n";
			showEnvVarsInLog = 0;
		};
/* End PBXShellScriptBuildPhase section */

/* Begin PBXSourcesBuildPhase section */
		E64F071D2009151F00D4FD7E /* Sources */ = {
			isa = PBXSourcesBuildPhase;
			buildActionMask = 2147483647;
			files = (
				E64F07272009151F00D4FD7E /* ViewController.swift in Sources */,
				E64F07252009151F00D4FD7E /* AppDelegate.swift in Sources */,
			);
			runOnlyForDeploymentPostprocessing = 0;
		};
/* End PBXSourcesBuildPhase section */

/* Begin PBXVariantGroup section */
		E64F07282009151F00D4FD7E /* Main.storyboard */ = {
			isa = PBXVariantGroup;
			children = (
				E64F07292009151F00D4FD7E /* Base */,
			);
			name = Main.storyboard;
			sourceTree = "<group>";
		};
		E64F072D2009151F00D4FD7E /* LaunchScreen.storyboard */ = {
			isa = PBXVariantGroup;
			children = (
				E64F072E2009151F00D4FD7E /* Base */,
			);
			name = LaunchScreen.storyboard;
			sourceTree = "<group>";
		};
/* End PBXVariantGroup section */

/* Begin XCBuildConfiguration section */
		E64F07312009151F00D4FD7E /* Debug */ = {
			isa = XCBuildConfiguration;
			buildSettings = {
				ALWAYS_SEARCH_USER_PATHS = NO;
				CLANG_ANALYZER_NONNULL = YES;
				CLANG_ANALYZER_NUMBER_OBJECT_CONVERSION = YES_AGGRESSIVE;
				CLANG_CXX_LANGUAGE_STANDARD = "gnu++14";
				CLANG_CXX_LIBRARY = "libc++";
				CLANG_ENABLE_MODULES = YES;
				CLANG_ENABLE_OBJC_ARC = YES;
				CLANG_WARN_BLOCK_CAPTURE_AUTORELEASING = YES;
				CLANG_WARN_BOOL_CONVERSION = YES;
				CLANG_WARN_COMMA = YES;
				CLANG_WARN_CONSTANT_CONVERSION = YES;
				CLANG_WARN_DIRECT_OBJC_ISA_USAGE = YES_ERROR;
				CLANG_WARN_DOCUMENTATION_COMMENTS = YES;
				CLANG_WARN_EMPTY_BODY = YES;
				CLANG_WARN_ENUM_CONVERSION = YES;
				CLANG_WARN_INFINITE_RECURSION = YES;
				CLANG_WARN_INT_CONVERSION = YES;
				CLANG_WARN_NON_LITERAL_NULL_CONVERSION = YES;
				CLANG_WARN_OBJC_LITERAL_CONVERSION = YES;
				CLANG_WARN_OBJC_ROOT_CLASS = YES_ERROR;
				CLANG_WARN_RANGE_LOOP_ANALYSIS = YES;
				CLANG_WARN_STRICT_PROTOTYPES = YES;
				CLANG_WARN_SUSPICIOUS_MOVE = YES;
				CLANG_WARN_UNGUARDED_AVAILABILITY = YES_AGGRESSIVE;
				CLANG_WARN_UNREACHABLE_CODE = YES;
				CLANG_WARN__DUPLICATE_METHOD_MATCH = YES;
				CODE_SIGN_IDENTITY = "iPhone Developer";
				COPY_PHASE_STRIP = NO;
				DEBUG_INFORMATION_FORMAT = dwarf;
				ENABLE_STRICT_OBJC_MSGSEND = YES;
				ENABLE_TESTABILITY = YES;
				GCC_C_LANGUAGE_STANDARD = gnu11;
				GCC_DYNAMIC_NO_PIC = NO;
				GCC_NO_COMMON_BLOCKS = YES;
				GCC_OPTIMIZATION_LEVEL = 0;
				GCC_PREPROCESSOR_DEFINITIONS = (
					"DEBUG=1",
					"$(inherited)",
				);
				GCC_WARN_64_TO_32_BIT_CONVERSION = YES;
				GCC_WARN_ABOUT_RETURN_TYPE = YES_ERROR;
				GCC_WARN_UNDECLARED_SELECTOR = YES;
				GCC_WARN_UNINITIALIZED_AUTOS = YES_AGGRESSIVE;
				GCC_WARN_UNUSED_FUNCTION = YES;
				GCC_WARN_UNUSED_VARIABLE = YES;
				IPHONEOS_DEPLOYMENT_TARGET = 11.2;
				MTL_ENABLE_DEBUG_INFO = YES;
				ONLY_ACTIVE_ARCH = YES;
				SDKROOT = iphoneos;
				SWIFT_ACTIVE_COMPILATION_CONDITIONS = DEBUG;
				SWIFT_OPTIMIZATION_LEVEL = "-Onone";
			};
			name = Debug;
		};
		E64F07322009151F00D4FD7E /* Release */ = {
			isa = XCBuildConfiguration;
			buildSettings = {
				ALWAYS_SEARCH_USER_PATHS = NO;
				CLANG_ANALYZER_NONNULL = YES;
				CLANG_ANALYZER_NUMBER_OBJECT_CONVERSION = YES_AGGRESSIVE;
				CLANG_CXX_LANGUAGE_STANDARD = "gnu++14";
				CLANG_CXX_LIBRARY = "libc++";
				CLANG_ENABLE_MODULES = YES;
				CLANG_ENABLE_OBJC_ARC = YES;
				CLANG_WARN_BLOCK_CAPTURE_AUTORELEASING = YES;
				CLANG_WARN_BOOL_CONVERSION = YES;
				CLANG_WARN_COMMA = YES;
				CLANG_WARN_CONSTANT_CONVERSION = YES;
				CLANG_WARN_DIRECT_OBJC_ISA_USAGE = YES_ERROR;
				CLANG_WARN_DOCUMENTATION_COMMENTS = YES;
				CLANG_WARN_EMPTY_BODY = YES;
				CLANG_WARN_ENUM_CONVERSION = YES;
				CLANG_WARN_INFINITE_RECURSION = YES;
				CLANG_WARN_INT_CONVERSION = YES;
				CLANG_WARN_NON_LITERAL_NULL_CONVERSION = YES;
				CLANG_WARN_OBJC_LITERAL_CONVERSION = YES;
				CLANG_WARN_OBJC_ROOT_CLASS = YES_ERROR;
				CLANG_WARN_RANGE_LOOP_ANALYSIS = YES;
				CLANG_WARN_STRICT_PROTOTYPES = YES;
				CLANG_WARN_SUSPICIOUS_MOVE = YES;
				CLANG_WARN_UNGUARDED_AVAILABILITY = YES_AGGRESSIVE;
				CLANG_WARN_UNREACHABLE_CODE = YES;
				CLANG_WARN__DUPLICATE_METHOD_MATCH = YES;
				CODE_SIGN_IDENTITY = "iPhone Developer";
				COPY_PHASE_STRIP = NO;
				DEBUG_INFORMATION_FORMAT = "dwarf-with-dsym";
				ENABLE_NS_ASSERTIONS = NO;
				ENABLE_STRICT_OBJC_MSGSEND = YES;
				GCC_C_LANGUAGE_STANDARD = gnu11;
				GCC_NO_COMMON_BLOCKS = YES;
				GCC_WARN_64_TO_32_BIT_CONVERSION = YES;
				GCC_WARN_ABOUT_RETURN_TYPE = YES_ERROR;
				GCC_WARN_UNDECLARED_SELECTOR = YES;
				GCC_WARN_UNINITIALIZED_AUTOS = YES_AGGRESSIVE;
				GCC_WARN_UNUSED_FUNCTION = YES;
				GCC_WARN_UNUSED_VARIABLE = YES;
				IPHONEOS_DEPLOYMENT_TARGET = 11.2;
				MTL_ENABLE_DEBUG_INFO = NO;
				SDKROOT = iphoneos;
				SWIFT_OPTIMIZATION_LEVEL = "-Owholemodule";
				VALIDATE_PRODUCT = YES;
			};
			name = Release;
		};
		E64F07342009151F00D4FD7E /* Debug */ = {
			isa = XCBuildConfiguration;
			baseConfigurationReference = E3FD6A95A68661A375FD9483 /* Pods-Team chat.debug.xcconfig */;
			buildSettings = {
				ASSETCATALOG_COMPILER_APPICON_NAME = AppIcon;
				"CODE_SIGN_IDENTITY[sdk=iphoneos*]" = "iPhone Developer";
				CODE_SIGN_STYLE = Automatic;
				DEVELOPMENT_TEAM = Q7W47GFKL3;
				INFOPLIST_FILE = "Team chat/Info.plist";
				LD_RUNPATH_SEARCH_PATHS = "$(inherited) @executable_path/Frameworks";
				PRODUCT_BUNDLE_IDENTIFIER = "com.mbd.Team-chat";
				PRODUCT_NAME = "$(TARGET_NAME)";
				PROVISIONING_PROFILE_SPECIFIER = "";
				SWIFT_VERSION = 4.0;
				TARGETED_DEVICE_FAMILY = "1,2";
			};
			name = Debug;
		};
		E64F07352009151F00D4FD7E /* Release */ = {
			isa = XCBuildConfiguration;
			baseConfigurationReference = C2C7358DC2064A14747AF10D /* Pods-Team chat.release.xcconfig */;
			buildSettings = {
				ASSETCATALOG_COMPILER_APPICON_NAME = AppIcon;
				"CODE_SIGN_IDENTITY[sdk=iphoneos*]" = "iPhone Developer";
				CODE_SIGN_STYLE = Automatic;
				DEVELOPMENT_TEAM = Q7W47GFKL3;
				INFOPLIST_FILE = "Team chat/Info.plist";
				LD_RUNPATH_SEARCH_PATHS = "$(inherited) @executable_path/Frameworks";
				PRODUCT_BUNDLE_IDENTIFIER = "com.mbd.Team-chat";
				PRODUCT_NAME = "$(TARGET_NAME)";
				PROVISIONING_PROFILE_SPECIFIER = "";
				SWIFT_VERSION = 4.0;
				TARGETED_DEVICE_FAMILY = "1,2";
			};
			name = Release;
		};
/* End XCBuildConfiguration section */

/* Begin XCConfigurationList section */
		E64F071C2009151F00D4FD7E /* Build configuration list for PBXProject "Team chat" */ = {
			isa = XCConfigurationList;
			buildConfigurations = (
				E64F07312009151F00D4FD7E /* Debug */,
				E64F07322009151F00D4FD7E /* Release */,
			);
			defaultConfigurationIsVisible = 0;
			defaultConfigurationName = Release;
		};
		E64F07332009151F00D4FD7E /* Build configuration list for PBXNativeTarget "Team chat" */ = {
			isa = XCConfigurationList;
			buildConfigurations = (
				E64F07342009151F00D4FD7E /* Debug */,
				E64F07352009151F00D4FD7E /* Release */,
			);
			defaultConfigurationIsVisible = 0;
			defaultConfigurationName = Release;
		};
/* End XCConfigurationList section */
	};
	rootObject = E64F07192009151F00D4FD7E /* Project object */;
}
